
Microsoft Visual Studio Solution File, Format Version 12.00
# Visual Studio Version 16
VisualStudioVersion = 16.0.31729.503
MinimumVisualStudioVersion = 10.0.40219.1
Project("{FAE04EC0-301F-11D3-BF4B-00C04F79EFBC}") = "ConsoleProject", "ConsoleProject\ConsoleProject.csproj", "{17598442-A560-41F1-9C16-180E20397424}"
EndProject
Project("{FAE04EC0-301F-11D3-BF4B-00C04F79EFBC}") = "Domain", "Domain\Domain.csproj", "{77004C0E-C400-4ACF-AEFC-C12E17A639D9}"
EndProject
Project("{FAE04EC0-301F-11D3-BF4B-00C04F79EFBC}") = "Repository", "Repository\Repository.csproj", "{C54E6D57-D707-4ABB-B0A4-7000824AE0B3}"
EndProject
Project("{FAE04EC0-301F-11D3-BF4B-00C04F79EFBC}") = "Service", "Service\Service.csproj", "{2D242D41-2C82-44E8-97AD-0A8D12645C82}"
EndProject
Global
	GlobalSection(SolutionConfigurationPlatforms) = preSolution
		Debug|Any CPU = Debug|Any CPU
		Release|Any CPU = Release|Any CPU
	EndGlobalSection
	GlobalSection(ProjectConfigurationPlatforms) = postSolution
		{17598442-A560-41F1-9C16-180E20397424}.Debug|Any CPU.ActiveCfg = Debug|Any CPU
		{17598442-A560-41F1-9C16-180E20397424}.Debug|Any CPU.Build.0 = Debug|Any CPU
		{17598442-A560-41F1-9C16-180E20397424}.Release|Any CPU.ActiveCfg = Release|Any CPU
		{17598442-A560-41F1-9C16-180E20397424}.Release|Any CPU.Build.0 = Release|Any CPU
		{77004C0E-C400-4ACF-AEFC-C12E17A639D9}.Debug|Any CPU.ActiveCfg = Debug|Any CPU
		{77004C0E-C400-4ACF-AEFC-C12E17A639D9}.Debug|Any CPU.Build.0 = Debug|Any CPU
		{77004C0E-C400-4ACF-AEFC-C12E17A639D9}.Release|Any CPU.ActiveCfg = Release|Any CPU
		{77004C0E-C400-4ACF-AEFC-C12E17A639D9}.Release|Any CPU.Build.0 = Release|Any CPU
		{C54E6D57-D707-4ABB-B0A4-7000824AE0B3}.Debug|Any CPU.ActiveCfg = Debug|Any CPU
		{C54E6D57-D707-4ABB-B0A4-7000824AE0B3}.Debug|Any CPU.Build.0 = Debug|Any CPU
		{C54E6D57-D707-4ABB-B0A4-7000824AE0B3}.Release|Any CPU.ActiveCfg = Release|Any CPU
		{C54E6D57-D707-4ABB-B0A4-7000824AE0B3}.Release|Any CPU.Build.0 = Release|Any CPU
		{2D242D41-2C82-44E8-97AD-0A8D12645C82}.Debug|Any CPU.ActiveCfg = Debug|Any CPU
		{2D242D41-2C82-44E8-97AD-0A8D12645C82}.Debug|Any CPU.Build.0 = Debug|Any CPU
		{2D242D41-2C82-44E8-97AD-0A8D12645C82}.Release|Any CPU.ActiveCfg = Release|Any CPU
		{2D242D41-2C82-44E8-97AD-0A8D12645C82}.Release|Any CPU.Build.0 = Release|Any CPU
	EndGlobalSection
	GlobalSection(SolutionProperties) = preSolution
		HideSolutionNode = FALSE
	EndGlobalSection
	GlobalSection(ExtensibilityGlobals) = postSolution
		SolutionGuid = {817EC52D-AD62-41A3-AC53-70D5F3701613}
	EndGlobalSection
EndGlobal
